// !$*UTF8*$!
{
	archiveVersion = 1;
	classes = {
	};
	objectVersion = 46;
	objects = {

/* Begin PBXBuildFile section */
		74716D021D91FAEF00A3A0B8 /* AppDelegate.swift in Sources */ = {isa = PBXBuildFile; fileRef = 74716D011D91FAEF00A3A0B8 /* AppDelegate.swift */; };
		74716D041D91FAEF00A3A0B8 /* ViewController.swift in Sources */ = {isa = PBXBuildFile; fileRef = 74716D031D91FAEF00A3A0B8 /* ViewController.swift */; };
		74716D071D91FAEF00A3A0B8 /* Main.storyboard in Resources */ = {isa = PBXBuildFile; fileRef = 74716D051D91FAEF00A3A0B8 /* Main.storyboard */; };
		74716D091D91FAEF00A3A0B8 /* Assets.xcassets in Resources */ = {isa = PBXBuildFile; fileRef = 74716D081D91FAEF00A3A0B8 /* Assets.xcassets */; };
		74716D0C1D91FAEF00A3A0B8 /* LaunchScreen.storyboard in Resources */ = {isa = PBXBuildFile; fileRef = 74716D0A1D91FAEF00A3A0B8 /* LaunchScreen.storyboard */; };
		74716D141D922A2F00A3A0B8 /* SNTrimMask.metal in Sources */ = {isa = PBXBuildFile; fileRef = 74716D131D922A2F00A3A0B8 /* SNTrimMask.metal */; };
/* End PBXBuildFile section */

/* Begin PBXFileReference section */
		74716CFE1D91FAEF00A3A0B8 /* NSVideo.app */ = {isa = PBXFileReference; explicitFileType = wrapper.application; includeInIndex = 0; path = NSVideo.app; sourceTree = BUILT_PRODUCTS_DIR; };
		74716D011D91FAEF00A3A0B8 /* AppDelegate.swift */ = {isa = PBXFileReference; lastKnownFileType = sourcecode.swift; path = AppDelegate.swift; sourceTree = "<group>"; };
		74716D031D91FAEF00A3A0B8 /* ViewController.swift */ = {isa = PBXFileReference; lastKnownFileType = sourcecode.swift; path = ViewController.swift; sourceTree = "<group>"; };
		74716D061D91FAEF00A3A0B8 /* Base */ = {isa = PBXFileReference; lastKnownFileType = file.storyboard; name = Base; path = Base.lproj/Main.storyboard; sourceTree = "<group>"; };
		74716D081D91FAEF00A3A0B8 /* Assets.xcassets */ = {isa = PBXFileReference; lastKnownFileType = folder.assetcatalog; path = Assets.xcassets; sourceTree = "<group>"; };
		74716D0B1D91FAEF00A3A0B8 /* Base */ = {isa = PBXFileReference; lastKnownFileType = file.storyboard; name = Base; path = Base.lproj/LaunchScreen.storyboard; sourceTree = "<group>"; };
		74716D0D1D91FAEF00A3A0B8 /* Info.plist */ = {isa = PBXFileReference; lastKnownFileType = text.plist.xml; path = Info.plist; sourceTree = "<group>"; };
		74716D131D922A2F00A3A0B8 /* SNTrimMask.metal */ = {isa = PBXFileReference; fileEncoding = 4; lastKnownFileType = sourcecode.metal; path = SNTrimMask.metal; sourceTree = "<group>"; };
/* End PBXFileReference section */

/* Begin PBXFrameworksBuildPhase section */
		74716CFB1D91FAEF00A3A0B8 /* Frameworks */ = {
			isa = PBXFrameworksBuildPhase;
			buildActionMask = 2147483647;
			files = (
			);
			runOnlyForDeploymentPostprocessing = 0;
		};
/* End PBXFrameworksBuildPhase section */

/* Begin PBXGroup section */
		74716CF51D91FAEF00A3A0B8 = {
			isa = PBXGroup;
			children = (
				74716D001D91FAEF00A3A0B8 /* NSVideo */,
				74716CFF1D91FAEF00A3A0B8 /* Products */,
			);
			sourceTree = "<group>";
		};
		74716CFF1D91FAEF00A3A0B8 /* Products */ = {
			isa = PBXGroup;
			children = (
				74716CFE1D91FAEF00A3A0B8 /* NSVideo.app */,
			);
			name = Products;
			sourceTree = "<group>";
		};
		74716D001D91FAEF00A3A0B8 /* NSVideo */ = {
			isa = PBXGroup;
			children = (
				74716D011D91FAEF00A3A0B8 /* AppDelegate.swift */,
				74716D031D91FAEF00A3A0B8 /* ViewController.swift */,
				74716D131D922A2F00A3A0B8 /* SNTrimMask.metal */,
				74716D051D91FAEF00A3A0B8 /* Main.storyboard */,
				74716D081D91FAEF00A3A0B8 /* Assets.xcassets */,
				74716D0A1D91FAEF00A3A0B8 /* LaunchScreen.storyboard */,
				74716D0D1D91FAEF00A3A0B8 /* Info.plist */,
			);
			path = NSVideo;
			sourceTree = "<group>";
		};
/* End PBXGroup section */

/* Begin PBXNativeTarget section */
		74716CFD1D91FAEF00A3A0B8 /* NSVideo */ = {
			isa = PBXNativeTarget;
			buildConfigurationList = 74716D101D91FAEF00A3A0B8 /* Build configuration list for PBXNativeTarget "NSVideo" */;
			buildPhases = (
				74716CFA1D91FAEF00A3A0B8 /* Sources */,
				74716CFB1D91FAEF00A3A0B8 /* Frameworks */,
				74716CFC1D91FAEF00A3A0B8 /* Resources */,
			);
			buildRules = (
			);
			dependencies = (
			);
			name = NSVideo;
			productName = NSVideo;
			productReference = 74716CFE1D91FAEF00A3A0B8 /* NSVideo.app */;
			productType = "com.apple.product-type.application";
		};
/* End PBXNativeTarget section */

/* Begin PBXProject section */
		74716CF61D91FAEF00A3A0B8 /* Project object */ = {
			isa = PBXProject;
			attributes = {
				LastSwiftUpdateCheck = 0730;
				LastUpgradeCheck = 0730;
				ORGANIZATIONNAME = "Satoshi Nakajima";
				TargetAttributes = {
					74716CFD1D91FAEF00A3A0B8 = {
						CreatedOnToolsVersion = 7.3.1;
					};
				};
			};
			buildConfigurationList = 74716CF91D91FAEF00A3A0B8 /* Build configuration list for PBXProject "NSVideo" */;
			compatibilityVersion = "Xcode 3.2";
			developmentRegion = English;
			hasScannedForEncodings = 0;
			knownRegions = (
				en,
				Base,
			);
			mainGroup = 74716CF51D91FAEF00A3A0B8;
			productRefGroup = 74716CFF1D91FAEF00A3A0B8 /* Products */;
			projectDirPath = "";
			projectRoot = "";
			targets = (
				74716CFD1D91FAEF00A3A0B8 /* NSVideo */,
			);
		};
/* End PBXProject section */

/* Begin PBXResourcesBuildPhase section */
		74716CFC1D91FAEF00A3A0B8 /* Resources */ = {
			isa = PBXResourcesBuildPhase;
			buildActionMask = 2147483647;
			files = (
				74716D0C1D91FAEF00A3A0B8 /* LaunchScreen.storyboard in Resources */,
				74716D091D91FAEF00A3A0B8 /* Assets.xcassets in Resources */,
				74716D071D91FAEF00A3A0B8 /* Main.storyboard in Resources */,
			);
			runOnlyForDeploymentPostprocessing = 0;
		};
/* End PBXResourcesBuildPhase section */

/* Begin PBXSourcesBuildPhase section */
		74716CFA1D91FAEF00A3A0B8 /* Sources */ = {
			isa = PBXSourcesBuildPhase;
			buildActionMask = 2147483647;
			files = (
				74716D041D91FAEF00A3A0B8 /* ViewController.swift in Sources */,
				74716D141D922A2F00A3A0B8 /* SNTrimMask.metal in Sources */,
				74716D021D91FAEF00A3A0B8 /* AppDelegate.swift in Sources */,
			);
			runOnlyForDeploymentPostprocessing = 0;
		};
/* End PBXSourcesBuildPhase section */

/* Begin PBXVariantGroup section */
		74716D051D91FAEF00A3A0B8 /* Main.storyboard */ = {
			isa = PBXVariantGroup;
			children = (
				74716D061D91FAEF00A3A0B8 /* Base */,
			);
			name = Main.storyboard;
			sourceTree = "<group>";
		};
		74716D0A1D91FAEF00A3A0B8 /* LaunchScreen.storyboard */ = {
			isa = PBXVariantGroup;
			children = (
				74716D0B1D91FAEF00A3A0B8 /* Base */,
			);
			name = LaunchScreen.storyboard;
			sourceTree = "<group>";
		};
/* End PBXVariantGroup section */

/* Begin XCBuildConfiguration section */
		74716D0E1D91FAEF00A3A0B8 /* Debug */ = {
			isa = XCBuildConfiguration;
			buildSettings = {
				ALWAYS_SEARCH_USER_PATHS = NO;
				CLANG_ANALYZER_NONNULL = YES;
				CLANG_CXX_LANGUAGE_STANDARD = "gnu++0x";
				CLANG_CXX_LIBRARY = "libc++";
				CLANG_ENABLE_MODULES = YES;
				CLANG_ENABLE_OBJC_ARC = YES;
				CLANG_WARN_BOOL_CONVERSION = YES;
				CLANG_WARN_CONSTANT_CONVERSION = YES;
				CLANG_WARN_DIRECT_OBJC_ISA_USAGE = YES_ERROR;
				CLANG_WARN_EMPTY_BODY = YES;
				CLANG_WARN_ENUM_CONVERSION = YES;
				CLANG_WARN_INT_CONVERSION = YES;
				CLANG_WARN_OBJC_ROOT_CLASS = YES_ERROR;
				CLANG_WARN_UNREACHABLE_CODE = YES;
				CLANG_WARN__DUPLICATE_METHOD_MATCH = YES;
				"CODE_SIGN_IDENTITY[sdk=iphoneos*]" = "iPhone Developer";
				COPY_PHASE_STRIP = NO;
				DEBUG_INFORMATION_FORMAT = dwarf;
				ENABLE_STRICT_OBJC_MSGSEND = YES;
				ENABLE_TESTABILITY = YES;
				GCC_C_LANGUAGE_STANDARD = gnu99;
				GCC_DYNAMIC_NO_PIC = NO;
				GCC_NO_COMMON_BLOCKS = YES;
				GCC_OPTIMIZATION_LEVEL = 0;
				GCC_PREPROCESSOR_DEFINITIONS = (
					"DEBUG=1",
					"$(inherited)",
				);
				GCC_WARN_64_TO_32_BIT_CONVERSION = YES;
				GCC_WARN_ABOUT_RETURN_TYPE = YES_ERROR;
				GCC_WARN_UNDECLARED_SELECTOR = YES;
				GCC_WARN_UNINITIALIZED_AUTOS = YES_AGGRESSIVE;
				GCC_WARN_UNUSED_FUNCTION = YES;
				GCC_WARN_UNUSED_VARIABLE = YES;
				IPHONEOS_DEPLOYMENT_TARGET = 9.3;
				MTL_ENABLE_DEBUG_INFO = YES;
				ONLY_ACTIVE_ARCH = YES;
				SDKROOT = iphoneos;
				SWIFT_OPTIMIZATION_LEVEL = "-Onone";
			};
			name = Debug;
		};
		74716D0F1D91FAEF00A3A0B8 /* Release */ = {
			isa = XCBuildConfiguration;
			buildSettings = {
				ALWAYS_SEARCH_USER_PATHS = NO;
				CLANG_ANALYZER_NONNULL = YES;
				CLANG_CXX_LANGUAGE_STANDARD = "gnu++0x";
				CLANG_CXX_LIBRARY = "libc++";
				CLANG_ENABLE_MODULES = YES;
				CLANG_ENABLE_OBJC_ARC = YES;
				CLANG_WARN_BOOL_CONVERSION = YES;
				CLANG_WARN_CONSTANT_CONVERSION = YES;
				CLANG_WARN_DIRECT_OBJC_ISA_USAGE = YES_ERROR;
				CLANG_WARN_EMPTY_BODY = YES;
				CLANG_WARN_ENUM_CONVERSION = YES;
				CLANG_WARN_INT_CONVERSION = YES;
				CLANG_WARN_OBJC_ROOT_CLASS = YES_ERROR;
				CLANG_WARN_UNREACHABLE_CODE = YES;
				CLANG_WARN__DUPLICATE_METHOD_MATCH = YES;
				"CODE_SIGN_IDENTITY[sdk=iphoneos*]" = "iPhone Developer";
				COPY_PHASE_STRIP = NO;
				DEBUG_INFORMATION_FORMAT = "dwarf-with-dsym";
				ENABLE_NS_ASSERTIONS = NO;
				ENABLE_STRICT_OBJC_MSGSEND = YES;
				GCC_C_LANGUAGE_STANDARD = gnu99;
				GCC_NO_COMMON_BLOCKS = YES;
				GCC_WARN_64_TO_32_BIT_CONVERSION = YES;
				GCC_WARN_ABOUT_RETURN_TYPE = YES_ERROR;
				GCC_WARN_UNDECLARED_SELECTOR = YES;
				GCC_WARN_UNINITIALIZED_AUTOS = YES_AGGRESSIVE;
				GCC_WARN_UNUSED_FUNCTION = YES;
				GCC_WARN_UNUSED_VARIABLE = YES;
				IPHONEOS_DEPLOYMENT_TARGET = 9.3;
				MTL_ENABLE_DEBUG_INFO = NO;
				SDKROOT = iphoneos;
				VALIDATE_PRODUCT = YES;
			};
			name = Release;
		};
		74716D111D91FAEF00A3A0B8 /* Debug */ = {
			isa = XCBuildConfiguration;
			buildSettings = {
				ASSETCATALOG_COMPILER_APPICON_NAME = AppIcon;
				INFOPLIST_FILE = NSVideo/Info.plist;
				LD_RUNPATH_SEARCH_PATHS = "$(inherited) @executable_path/Frameworks";
				PRODUCT_BUNDLE_IDENTIFIER = com.cloudreaders.NSVideo;
				PRODUCT_NAME = "$(TARGET_NAME)";
			};
			name = Debug;
		};
		74716D121D91FAEF00A3A0B8 /* Release */ = {
			isa = XCBuildConfiguration;
			buildSettings = {
				ASSETCATALOG_COMPILER_APPICON_NAME = AppIcon;
				INFOPLIST_FILE = NSVideo/Info.plist;
				LD_RUNPATH_SEARCH_PATHS = "$(inherited) @executable_path/Frameworks";
				PRODUCT_BUNDLE_IDENTIFIER = com.cloudreaders.NSVideo;
				PRODUCT_NAME = "$(TARGET_NAME)";
			};
			name = Release;
		};
/* End XCBuildConfiguration section */

/* Begin XCConfigurationList section */
		74716CF91D91FAEF00A3A0B8 /* Build configuration list for PBXProject "NSVideo" */ = {
			isa = XCConfigurationList;
			buildConfigurations = (
				74716D0E1D91FAEF00A3A0B8 /* Debug */,
				74716D0F1D91FAEF00A3A0B8 /* Release */,
			);
			defaultConfigurationIsVisible = 0;
			defaultConfigurationName = Release;
		};
		74716D101D91FAEF00A3A0B8 /* Build configuration list for PBXNativeTarget "NSVideo" */ = {
			isa = XCConfigurationList;
			buildConfigurations = (
				74716D111D91FAEF00A3A0B8 /* Debug */,
				74716D121D91FAEF00A3A0B8 /* Release */,
			);
			defaultConfigurationIsVisible = 0;
		};
/* End XCConfigurationList section */
	};
	rootObject = 74716CF61D91FAEF00A3A0B8 /* Project object */;
}
